
Microsoft Visual Studio Solution File, Format Version 12.00
# Visual Studio Version 17
VisualStudioVersion = 17.9.34728.123
MinimumVisualStudioVersion = 10.0.40219.1
Project("{2150E333-8FDC-42A3-9474-1A3956D46DE8}") = "src", "src", "{60F99AEC-17D3-475E-A031-6EDF8CB70298}"
EndProject
Project("{2150E333-8FDC-42A3-9474-1A3956D46DE8}") = "Web", "Web", "{EAF2A7BE-5EBA-4FD3-BA71-251D8B1B77FA}"
EndProject
Project("{2150E333-8FDC-42A3-9474-1A3956D46DE8}") = "Building Blocks", "Building Blocks", "{816F0219-6461-4395-B583-6D12C4EB1201}"
EndProject
Project("{2150E333-8FDC-42A3-9474-1A3956D46DE8}") = "Services", "Services", "{01340B4D-B512-4CDF-8E5E-491D6CCB9B09}"
EndProject
Project("{2150E333-8FDC-42A3-9474-1A3956D46DE8}") = "Identidade", "Identidade", "{169ECC95-222E-4BB9-A1C3-C0A8F2647058}"
EndProject
Project("{9A19103F-16F7-4668-BE54-9A1E7A4F7556}") = "NSE.Identidade.Api", "src\services\NSE.Identidade.Api\NSE.Identidade.Api.csproj", "{B05E18D4-0520-462A-84E3-79087A3682FA}"
EndProject
Project("{2150E333-8FDC-42A3-9474-1A3956D46DE8}") = "Core", "Core", "{15E14D6E-05E2-47CB-8D9C-17A633BE7AD9}"
EndProject
Project("{9A19103F-16F7-4668-BE54-9A1E7A4F7556}") = "NSE.Core", "src\building blocks\NSE.Core\NSE.Core.csproj", "{8D6B557F-A0A4-4E76-8014-0616F9100F6C}"
EndProject
Project("{2150E333-8FDC-42A3-9474-1A3956D46DE8}") = "Carrinho", "Carrinho", "{6120EA79-3F88-4B31-9F89-375753BCCF26}"
EndProject
Project("{2150E333-8FDC-42A3-9474-1A3956D46DE8}") = "Catalogo", "Catalogo", "{94F0132D-2277-4E50-BAA0-7F0B711AE126}"
EndProject
Project("{2150E333-8FDC-42A3-9474-1A3956D46DE8}") = "Cliente", "Cliente", "{8B277F43-A4ED-4CC2-8C04-F85C71290A46}"
EndProject
Project("{2150E333-8FDC-42A3-9474-1A3956D46DE8}") = "Pagamento", "Pagamento", "{1B31DD08-F5A2-49B5-956F-7E22BB735DD5}"
EndProject
Project("{2150E333-8FDC-42A3-9474-1A3956D46DE8}") = "Pedido", "Pedido", "{CFE8D10F-2AA1-4EAD-B53B-F25583492322}"
EndProject
Project("{9A19103F-16F7-4668-BE54-9A1E7A4F7556}") = "NSE.Carrinho.Api", "src\services\NSE.Carrinho.Api\NSE.Carrinho.Api.csproj", "{531AF457-A0F4-487A-B5F7-A1D063C3E439}"
EndProject
Project("{9A19103F-16F7-4668-BE54-9A1E7A4F7556}") = "NSE.Catalogo.Api", "src\services\NSE.Catalogo.Api\NSE.Catalogo.Api.csproj", "{D0FFFEFF-8973-4D4F-90C9-CB482EB7B161}"
EndProject
Project("{2150E333-8FDC-42A3-9474-1A3956D46DE8}") = "MVC", "MVC", "{7BD7CCF8-0EE9-488B-9071-EBD049564505}"
EndProject
Project("{9A19103F-16F7-4668-BE54-9A1E7A4F7556}") = "NSE.WebApp.MVC", "src\web\NSE.WebApp.MVC\NSE.WebApp.MVC.csproj", "{B247A107-AB4F-4348-8301-C31E8D592238}"
EndProject
Project("{2150E333-8FDC-42A3-9474-1A3956D46DE8}") = "Services", "Services", "{88A29CDB-409B-4E55-9453-387019F56F55}"
EndProject
Project("{FAE04EC0-301F-11D3-BF4B-00C04F79EFBC}") = "NSE.WebApi.Core", "src\building blocks\NSE.WebApi.Core\NSE.WebApi.Core.csproj", "{7875D547-8AF9-4660-B97C-B5783AAD451A}"
EndProject
Global
	GlobalSection(SolutionConfigurationPlatforms) = preSolution
		Debug|Any CPU = Debug|Any CPU
		Release|Any CPU = Release|Any CPU
	EndGlobalSection
	GlobalSection(ProjectConfigurationPlatforms) = postSolution
		{B05E18D4-0520-462A-84E3-79087A3682FA}.Debug|Any CPU.ActiveCfg = Debug|Any CPU
		{B05E18D4-0520-462A-84E3-79087A3682FA}.Debug|Any CPU.Build.0 = Debug|Any CPU
		{B05E18D4-0520-462A-84E3-79087A3682FA}.Release|Any CPU.ActiveCfg = Release|Any CPU
		{B05E18D4-0520-462A-84E3-79087A3682FA}.Release|Any CPU.Build.0 = Release|Any CPU
		{8D6B557F-A0A4-4E76-8014-0616F9100F6C}.Debug|Any CPU.ActiveCfg = Debug|Any CPU
		{8D6B557F-A0A4-4E76-8014-0616F9100F6C}.Debug|Any CPU.Build.0 = Debug|Any CPU
		{8D6B557F-A0A4-4E76-8014-0616F9100F6C}.Release|Any CPU.ActiveCfg = Release|Any CPU
		{8D6B557F-A0A4-4E76-8014-0616F9100F6C}.Release|Any CPU.Build.0 = Release|Any CPU
		{531AF457-A0F4-487A-B5F7-A1D063C3E439}.Debug|Any CPU.ActiveCfg = Debug|Any CPU
		{531AF457-A0F4-487A-B5F7-A1D063C3E439}.Debug|Any CPU.Build.0 = Debug|Any CPU
		{531AF457-A0F4-487A-B5F7-A1D063C3E439}.Release|Any CPU.ActiveCfg = Release|Any CPU
		{531AF457-A0F4-487A-B5F7-A1D063C3E439}.Release|Any CPU.Build.0 = Release|Any CPU
		{D0FFFEFF-8973-4D4F-90C9-CB482EB7B161}.Debug|Any CPU.ActiveCfg = Debug|Any CPU
		{D0FFFEFF-8973-4D4F-90C9-CB482EB7B161}.Debug|Any CPU.Build.0 = Debug|Any CPU
		{D0FFFEFF-8973-4D4F-90C9-CB482EB7B161}.Release|Any CPU.ActiveCfg = Release|Any CPU
		{D0FFFEFF-8973-4D4F-90C9-CB482EB7B161}.Release|Any CPU.Build.0 = Release|Any CPU
		{B247A107-AB4F-4348-8301-C31E8D592238}.Debug|Any CPU.ActiveCfg = Debug|Any CPU
		{B247A107-AB4F-4348-8301-C31E8D592238}.Debug|Any CPU.Build.0 = Debug|Any CPU
		{B247A107-AB4F-4348-8301-C31E8D592238}.Release|Any CPU.ActiveCfg = Release|Any CPU
		{B247A107-AB4F-4348-8301-C31E8D592238}.Release|Any CPU.Build.0 = Release|Any CPU
		{7875D547-8AF9-4660-B97C-B5783AAD451A}.Debug|Any CPU.ActiveCfg = Debug|Any CPU
		{7875D547-8AF9-4660-B97C-B5783AAD451A}.Debug|Any CPU.Build.0 = Debug|Any CPU
		{7875D547-8AF9-4660-B97C-B5783AAD451A}.Release|Any CPU.ActiveCfg = Release|Any CPU
		{7875D547-8AF9-4660-B97C-B5783AAD451A}.Release|Any CPU.Build.0 = Release|Any CPU
	EndGlobalSection
	GlobalSection(SolutionProperties) = preSolution
		HideSolutionNode = FALSE
	EndGlobalSection
	GlobalSection(NestedProjects) = preSolution
		{EAF2A7BE-5EBA-4FD3-BA71-251D8B1B77FA} = {60F99AEC-17D3-475E-A031-6EDF8CB70298}
		{816F0219-6461-4395-B583-6D12C4EB1201} = {60F99AEC-17D3-475E-A031-6EDF8CB70298}
		{01340B4D-B512-4CDF-8E5E-491D6CCB9B09} = {60F99AEC-17D3-475E-A031-6EDF8CB70298}
		{169ECC95-222E-4BB9-A1C3-C0A8F2647058} = {01340B4D-B512-4CDF-8E5E-491D6CCB9B09}
		{B05E18D4-0520-462A-84E3-79087A3682FA} = {169ECC95-222E-4BB9-A1C3-C0A8F2647058}
		{15E14D6E-05E2-47CB-8D9C-17A633BE7AD9} = {816F0219-6461-4395-B583-6D12C4EB1201}
		{8D6B557F-A0A4-4E76-8014-0616F9100F6C} = {15E14D6E-05E2-47CB-8D9C-17A633BE7AD9}
		{6120EA79-3F88-4B31-9F89-375753BCCF26} = {01340B4D-B512-4CDF-8E5E-491D6CCB9B09}
		{94F0132D-2277-4E50-BAA0-7F0B711AE126} = {01340B4D-B512-4CDF-8E5E-491D6CCB9B09}
		{8B277F43-A4ED-4CC2-8C04-F85C71290A46} = {01340B4D-B512-4CDF-8E5E-491D6CCB9B09}
		{1B31DD08-F5A2-49B5-956F-7E22BB735DD5} = {01340B4D-B512-4CDF-8E5E-491D6CCB9B09}
		{CFE8D10F-2AA1-4EAD-B53B-F25583492322} = {01340B4D-B512-4CDF-8E5E-491D6CCB9B09}
		{531AF457-A0F4-487A-B5F7-A1D063C3E439} = {6120EA79-3F88-4B31-9F89-375753BCCF26}
		{D0FFFEFF-8973-4D4F-90C9-CB482EB7B161} = {94F0132D-2277-4E50-BAA0-7F0B711AE126}
		{7BD7CCF8-0EE9-488B-9071-EBD049564505} = {EAF2A7BE-5EBA-4FD3-BA71-251D8B1B77FA}
		{B247A107-AB4F-4348-8301-C31E8D592238} = {7BD7CCF8-0EE9-488B-9071-EBD049564505}
		{88A29CDB-409B-4E55-9453-387019F56F55} = {816F0219-6461-4395-B583-6D12C4EB1201}
		{7875D547-8AF9-4660-B97C-B5783AAD451A} = {88A29CDB-409B-4E55-9453-387019F56F55}
	EndGlobalSection
	GlobalSection(ExtensibilityGlobals) = postSolution
		SolutionGuid = {9140390D-0601-481E-BFAA-D0E9E90F51F5}
	EndGlobalSection
EndGlobal
